
Microsoft Visual Studio Solution File, Format Version 12.00
# Visual Studio Version 17
VisualStudioVersion = 17.5.33424.131
MinimumVisualStudioVersion = 10.0.40219.1
Project("{9A19103F-16F7-4668-BE54-9A1E7A4F7556}") = "Encryptor", "Encryptor.csproj", "{D0F8EDC9-700E-4A7E-8513-0D9AA4F3ADAA}"
EndProject
Project("{9A19103F-16F7-4668-BE54-9A1E7A4F7556}") = "EncoderLibrary", "..\EncoderLibrary\EncoderLibrary.csproj", "{C8E76F8C-0CC1-4B7F-A6DD-9B0597AAA82C}"
EndProject
Global
	GlobalSection(SolutionConfigurationPlatforms) = preSolution
		Debug|Any CPU = Debug|Any CPU
		Release|Any CPU = Release|Any CPU
	EndGlobalSection
	GlobalSection(ProjectConfigurationPlatforms) = postSolution
		{D0F8EDC9-700E-4A7E-8513-0D9AA4F3ADAA}.Debug|Any CPU.ActiveCfg = Debug|Any CPU
		{D0F8EDC9-700E-4A7E-8513-0D9AA4F3ADAA}.Debug|Any CPU.Build.0 = Debug|Any CPU
		{D0F8EDC9-700E-4A7E-8513-0D9AA4F3ADAA}.Release|Any CPU.ActiveCfg = Release|Any CPU
		{D0F8EDC9-700E-4A7E-8513-0D9AA4F3ADAA}.Release|Any CPU.Build.0 = Release|Any CPU
		{C8E76F8C-0CC1-4B7F-A6DD-9B0597AAA82C}.Debug|Any CPU.ActiveCfg = Debug|Any CPU
		{C8E76F8C-0CC1-4B7F-A6DD-9B0597AAA82C}.Debug|Any CPU.Build.0 = Debug|Any CPU
		{C8E76F8C-0CC1-4B7F-A6DD-9B0597AAA82C}.Release|Any CPU.ActiveCfg = Release|Any CPU
		{C8E76F8C-0CC1-4B7F-A6DD-9B0597AAA82C}.Release|Any CPU.Build.0 = Release|Any CPU
	EndGlobalSection
	GlobalSection(SolutionProperties) = preSolution
		HideSolutionNode = FALSE
	EndGlobalSection
	GlobalSection(ExtensibilityGlobals) = postSolution
		SolutionGuid = {BA26F729-3A1E-40A5-829E-D18C48F85C1C}
	EndGlobalSection
EndGlobal
